<Project xmlns="http://schemas.microsoft.com/developer/msbuild/2003">
    <PropertyGroup>
        <ProjectGuid>{37A68F3F-844A-479F-B617-F871E7E48429}</ProjectGuid>
        <MainSource>SC.dpr</MainSource>
        <Config Condition="'$(Config)'==''">Debug</Config>
        <DCC_DCCCompiler>DCC32</DCC_DCCCompiler>
        <ProjectVersion>15.1</ProjectVersion>
        <FrameworkType>VCL</FrameworkType>
        <Base>True</Base>
        <Platform Condition="'$(Platform)'==''">Win32</Platform>
        <TargetedPlatforms>17</TargetedPlatforms>
        <AppType>Application</AppType>
    </PropertyGroup>
    <PropertyGroup Condition="'$(Config)'=='Base' or '$(Base)'!=''">
        <Base>true</Base>
    </PropertyGroup>
    <PropertyGroup Condition="('$(Platform)'=='Win32' and '$(Base)'=='true') or '$(Base_Win32)'!=''">
        <Base_Win32>true</Base_Win32>
        <CfgParent>Base</CfgParent>
        <Base>true</Base>
    </PropertyGroup>
    <PropertyGroup Condition="('$(Platform)'=='Win64' and '$(Base)'=='true') or '$(Base_Win64)'!=''">
        <Base_Win64>true</Base_Win64>
        <CfgParent>Base</CfgParent>
        <Base>true</Base>
    </PropertyGroup>
    <PropertyGroup Condition="'$(Config)'=='Release' or '$(Cfg_1)'!=''">
        <Cfg_1>true</Cfg_1>
        <CfgParent>Base</CfgParent>
        <Base>true</Base>
    </PropertyGroup>
    <PropertyGroup Condition="'$(Config)'=='Debug' or '$(Cfg_2)'!=''">
        <Cfg_2>true</Cfg_2>
        <CfgParent>Base</CfgParent>
        <Base>true</Base>
    </PropertyGroup>
    <PropertyGroup Condition="('$(Platform)'=='Win32' and '$(Cfg_2)'=='true') or '$(Cfg_2_Win32)'!=''">
        <Cfg_2_Win32>true</Cfg_2_Win32>
        <CfgParent>Cfg_2</CfgParent>
        <Cfg_2>true</Cfg_2>
        <Base>true</Base>
    </PropertyGroup>
    <PropertyGroup Condition="'$(Base)'!=''">
        <DCC_Namespace>Vcl;Vcl.Imaging;Vcl.Touch;Vcl.Samples;Vcl.Shell;System;Xml;Data;Datasnap;Web;Soap;Winapi;$(DCC_Namespace)</DCC_Namespace>
        <VerInfo_Locale>1046</VerInfo_Locale>
        <VerInfo_Keys>CompanyName=;FileDescription=;FileVersion=1.0.0.0;InternalName=;LegalCopyright=;LegalTrademarks=;OriginalFilename=;ProductName=;ProductVersion=1.0.0.0;Comments=</VerInfo_Keys>
        <DCC_UsePackage>vclx;vcl;vclimg;dbrtl;Rave77VCL;bdertl;rtl;vclactnband;xmlrtl;vcldb;vcldbx;vcltouch;dsnap;dsnapcon;TeeUI;TeeDB;Tee;vclib;ibxpress;adortl;IndyCore;IndySystem;IndyProtocols;inet;intrawebdb_100_140;Intraweb_100_140;VclSmp;vclie;websnap;webdsnap;inetdb;inetdbbde;inetdbxpress;soaprtl;vclribbon;dbexpress;DbxCommonDriver;DataSnapIndy10ServerTransport;DataSnapProviderClient;DbxClientDriver;DataSnapServer;DBXInterBaseDriver;DBXMySQLDriver;dbxcds;DBXFirebirdDriver;DBXSybaseASEDriver;DBXSybaseASADriver;DBXOracleDriver;DBXMSSQLDriver;DBXInformixDriver;DBXDb2Driver;dclRBE1114;rbCIDE1114;rbIDE1114;rbRCL1114;rbBDE1114;rbUSERDesign1114;rbUSER1114;rbDIDE1114;rbDAD1114;dclRBBDE1114;rbDBDE1114;rbDB1114;dclRBADO1114;rbADO1114;dclRBDBE1114;rbDBE1114;dclRBIBE1114;rbIBE1114;rbRIDE1114;rbRAP1114;rbTCUI1114;rbTC1114;$(DCC_UsePackage)</DCC_UsePackage>
        <DCC_DependencyCheckOutputName>SC.exe</DCC_DependencyCheckOutputName>
        <DCC_ImageBase>00400000</DCC_ImageBase>
        <DCC_Platform>x86</DCC_Platform>
    </PropertyGroup>
    <PropertyGroup Condition="'$(Base_Win32)'!=''">
        <Manifest_File>$(BDS)\bin\default_app.manifest</Manifest_File>
        <VerInfo_Locale>1033</VerInfo_Locale>
        <DCC_Namespace>System.Win;Data.Win;Datasnap.Win;Web.Win;Soap.Win;Xml.Win;Bde;$(DCC_Namespace)</DCC_Namespace>
        <VerInfo_IncludeVerInfo>true</VerInfo_IncludeVerInfo>
        <Icon_MainIcon>SC_Icon.ico</Icon_MainIcon>
    </PropertyGroup>
    <PropertyGroup Condition="'$(Base_Win64)'!=''">
        <Icon_MainIcon>SC_Icon.ico</Icon_MainIcon>
    </PropertyGroup>
    <PropertyGroup Condition="'$(Cfg_1)'!=''">
        <DCC_LocalDebugSymbols>false</DCC_LocalDebugSymbols>
        <DCC_Define>RELEASE;$(DCC_Define)</DCC_Define>
        <DCC_SymbolReferenceInfo>0</DCC_SymbolReferenceInfo>
        <DCC_DebugInformation>0</DCC_DebugInformation>
    </PropertyGroup>
    <PropertyGroup Condition="'$(Cfg_2)'!=''">
        <DCC_Define>DEBUG;$(DCC_Define)</DCC_Define>
    </PropertyGroup>
    <PropertyGroup Condition="'$(Cfg_2_Win32)'!=''">
        <VerInfo_Build>4</VerInfo_Build>
        <VerInfo_Keys>CompanyName=;FileDescription=;FileVersion=1.0.0.4;InternalName=;LegalCopyright=;LegalTrademarks=;OriginalFilename=;ProductName=;ProductVersion=1.0.0.0;Comments=</VerInfo_Keys>
        <VerInfo_IncludeVerInfo>true</VerInfo_IncludeVerInfo>
        <VerInfo_Locale>1033</VerInfo_Locale>
    </PropertyGroup>
    <ItemGroup>
        <DelphiCompile Include="$(MainSource)">
            <MainSource>MainSource</MainSource>
        </DelphiCompile>
        <DCCReference Include="uMenuPrin.pas">
            <Form>fMenuPrin</Form>
        </DCCReference>
        <DCCReference Include="uDM.pas">
            <Form>DM</Form>
            <DesignClass>TDataModule</DesignClass>
        </DCCReference>
        <DCCReference Include="UUtil.pas"/>
        <DCCReference Include="uBase.pas">
            <Form>fBase</Form>
        </DCCReference>
        <DCCReference Include="uEstado.pas">
            <Form>fEstado</Form>
        </DCCReference>
        <DCCReference Include="uCidade.pas">
            <Form>fCidade</Form>
        </DCCReference>
        <DCCReference Include="uForma_Pagto.pas">
            <Form>fForma_Pagto</Form>
        </DCCReference>
        <DCCReference Include="uGrupo.pas">
            <Form>fGrupo</Form>
        </DCCReference>
        <DCCReference Include="uEmpresa.pas">
            <Form>fEmpresa</Form>
        </DCCReference>
        <DCCReference Include="uProduto.pas">
            <Form>fProduto</Form>
        </DCCReference>
        <DCCReference Include="uUnidade.pas">
            <Form>fUnidade</Form>
        </DCCReference>
        <DCCReference Include="uCadUsuario.pas">
            <Form>fCadUsuario</Form>
        </DCCReference>
        <DCCReference Include="uCliente.pas">
            <Form>fCliente</Form>
        </DCCReference>
        <DCCReference Include="uContato_Cliente.pas">
            <Form>fContato_Cliente</Form>
        </DCCReference>
        <DCCReference Include="uFornecedor.pas">
            <Form>fFornecedor</Form>
        </DCCReference>
        <DCCReference Include="uCondicao.pas">
            <Form>fCondicao</Form>
        </DCCReference>
        <DCCReference Include="uItens_Condicao.pas">
            <Form>fItens_Condicao</Form>
        </DCCReference>
        <DCCReference Include="uPermissao.pas">
            <Form>fPermissao</Form>
        </DCCReference>
        <DCCReference Include="uPesqPedido.pas">
            <Form>fPesqPedido</Form>
        </DCCReference>
        <DCCReference Include="uPedido.pas">
            <Form>fPedido</Form>
        </DCCReference>
        <DCCReference Include="uItensPedido.pas">
            <Form>fItensPedido</Form>
        </DCCReference>
        <DCCReference Include="uTabela_Prazo.pas">
            <Form>fTabela_Prazo</Form>
        </DCCReference>
        <DCCReference Include="uRPedido.pas">
            <Form>fRPedido</Form>
        </DCCReference>
        <DCCReference Include="USenha.pas">
            <Form>fSenha</Form>
        </DCCReference>
        <DCCReference Include="uTabCodigo.pas">
            <Form>fTabCodigo</Form>
        </DCCReference>
        <DCCReference Include="uParcelas.pas">
            <Form>fParcelas</Form>
        </DCCReference>
        <DCCReference Include="uBaixaConta.pas">
            <Form>fBaixaConta</Form>
        </DCCReference>
        <DCCReference Include="uExpurgo.pas">
            <Form>fExpurgo</Form>
        </DCCReference>
        <DCCReference Include="uDMRegra.pas">
            <Form>dmRegra</Form>
            <DesignClass>TDataModule</DesignClass>
        </DCCReference>
        <DCCReference Include="uContasPagar.pas">
            <Form>fContasPagar</Form>
        </DCCReference>
        <DCCReference Include="uAgenciador.pas">
            <Form>fAgenciador</Form>
        </DCCReference>
        <DCCReference Include="uTransportador.pas">
            <Form>fTransportador</Form>
        </DCCReference>
        <DCCReference Include="uMotorista.pas">
            <Form>fMotorista</Form>
        </DCCReference>
        <DCCReference Include="uPesqCarga.pas">
            <Form>fPesqCarga</Form>
        </DCCReference>
        <DCCReference Include="uCarga.pas">
            <Form>fCarga</Form>
        </DCCReference>
        <DCCReference Include="uRCarga.pas">
            <Form>FRCarga</Form>
        </DCCReference>
        <DCCReference Include="uITransporte.pas">
            <Form>fITransporte</Form>
        </DCCReference>
        <DCCReference Include="uRTransporte.pas">
            <Form>FRTransporte</Form>
        </DCCReference>
        <DCCReference Include="uListaVenda.pas">
            <Form>fListaVenda</Form>
        </DCCReference>
        <DCCReference Include="uObsLista.pas">
            <Form>fListaObs</Form>
        </DCCReference>
        <DCCReference Include="uContaBanco.pas">
            <Form>fContaBanco</Form>
        </DCCReference>
        <DCCReference Include="UIPagar.pas">
            <Form>fIPagar</Form>
        </DCCReference>
        <DCCReference Include="uRContasPagar.pas">
            <Form>fRContasPagar</Form>
        </DCCReference>
        <DCCReference Include="uContas.pas">
            <Form>fContas</Form>
        </DCCReference>
        <DCCReference Include="uNovaConta.pas">
            <Form>fNovaConta</Form>
        </DCCReference>
        <DCCReference Include="UIReceber.pas">
            <Form>fIReceber</Form>
        </DCCReference>
        <DCCReference Include="uRContas.pas">
            <Form>fRContas</Form>
        </DCCReference>
        <DCCReference Include="uICarga.pas">
            <Form>fICarga</Form>
        </DCCReference>
        <DCCReference Include="uRPedido1.pas">
            <Form>FrPedido1</Form>
        </DCCReference>
        <DCCReference Include="uIPedido.pas">
            <Form>fIPedido</Form>
        </DCCReference>
        <DCCReference Include="uRCarga1.pas">
            <Form>fRCarga1</Form>
        </DCCReference>
        <DCCReference Include="uICaixa.pas">
            <Form>fICaixa</Form>
        </DCCReference>
        <DCCReference Include="uUltPedido.pas">
            <Form>fUltPedido</Form>
        </DCCReference>
        <DCCReference Include="uICliente.pas">
            <Form>fICliente</Form>
        </DCCReference>
        <DCCReference Include="uRCliente.pas">
            <Form>FRCliente</Form>
        </DCCReference>
        <DCCReference Include="uExtratoBanco.pas">
            <Form>fExtratoBanco</Form>
        </DCCReference>
        <DCCReference Include="uISemCompras.pas">
            <Form>fISemCompras</Form>
        </DCCReference>
        <DCCReference Include="uIResumoBanco.pas">
            <Form>fIResumoBanco</Form>
        </DCCReference>
        <DCCReference Include="uIGeral.pas">
            <Form>fIGeral</Form>
        </DCCReference>
        <DCCReference Include="UPesqDoc.pas">
            <Form>fPesqDoc</Form>
        </DCCReference>
        <DCCReference Include="uFicha.pas">
            <Form>fFicha</Form>
        </DCCReference>
        <DCCReference Include="uItensFicha.pas">
            <Form>fItensFicha</Form>
        </DCCReference>
        <DCCReference Include="uIEnvelope.pas">
            <Form>fIEnvelope</Form>
        </DCCReference>
        <DCCReference Include="uVendedor.pas">
            <Form>fVendedor</Form>
        </DCCReference>
        <DCCReference Include="uIMotorista.pas">
            <Form>fIMotorista</Form>
        </DCCReference>
        <DCCReference Include="uRMotorista.pas">
            <Form>fRMotorista</Form>
        </DCCReference>
        <DCCReference Include="uTerceiro.pas">
            <Form>fTerceiro</Form>
        </DCCReference>
        <DCCReference Include="uTipoFornecedor.pas">
            <Form>fTipoFornecedor</Form>
        </DCCReference>
        <DCCReference Include="uIComissao.pas">
            <Form>fIComissao</Form>
        </DCCReference>
        <DCCReference Include="uRComissao.pas">
            <Form>frComissao</Form>
        </DCCReference>
        <DCCReference Include="uConfPedido.pas">
            <Form>fConfPedido</Form>
        </DCCReference>
        <DCCReference Include="uClassConfPedido.pas"/>
        <DCCReference Include="uFRConfPedido.pas">
            <Form>FRConfPedido</Form>
        </DCCReference>
        <DCCReference Include="udmTransportadora.pas">
            <Form>dmTransportadora</Form>
            <DesignClass>TDataModule</DesignClass>
        </DCCReference>
        <DCCReference Include="udmMotorista.pas">
            <Form>dmMotorista</Form>
            <DesignClass>TDataModule</DesignClass>
        </DCCReference>
        <DCCReference Include="udmCliente.pas">
            <Form>dmCliente</Form>
            <DesignClass>TDataModule</DesignClass>
        </DCCReference>
        <DCCReference Include="udmFornecedor.pas">
            <Form>dmFornecedor</Form>
            <DesignClass>TDataModule</DesignClass>
        </DCCReference>
        <DCCReference Include="udmPessoaCredito.pas">
            <Form>dmPessoaCredito</Form>
            <DesignClass>TDataModule</DesignClass>
        </DCCReference>
        <DCCReference Include="uVersao.pas"/>
        <DCCReference Include="udmParametros.pas">
            <Form>dmParametros</Form>
            <FormType>dfm</FormType>
            <DesignClass>TDataModule</DesignClass>
        </DCCReference>
        <DCCReference Include="ufrmParametros.pas">
            <Form>frmParametros</Form>
            <FormType>dfm</FormType>
        </DCCReference>
        <DCCReference Include="ufrmExecutarComando.pas">
            <Form>frmExecutarComando</Form>
            <FormType>dfm</FormType>
        </DCCReference>
        <DCCReference Include="uDMCarga.pas">
            <Form>dmCarga</Form>
            <FormType>dfm</FormType>
            <DesignClass>TDataModule</DesignClass>
        </DCCReference>
        <DCCReference Include="uDMUnidade.pas">
            <Form>dmUnidade</Form>
            <FormType>dfm</FormType>
            <DesignClass>TDataModule</DesignClass>
        </DCCReference>
        <DCCReference Include="uUnidadeTexto.pas">
            <Form>FUnidadeTexto</Form>
            <FormType>dfm</FormType>
        </DCCReference>
        <DCCReference Include="ufrmImpressaoAutorizacao.pas">
            <Form>frmImpressaoAutorizacao</Form>
            <FormType>dfm</FormType>
        </DCCReference>
        <DCCReference Include="uDMEntrega.pas">
            <Form>DMEndereco</Form>
            <FormType>dfm</FormType>
            <DesignClass>TDataModule</DesignClass>
        </DCCReference>
        <DCCReference Include="UEndereco.pas">
            <Form>frmEndereco</Form>
            <FormType>dfm</FormType>
        </DCCReference>
        <DCCReference Include="UImpressaoCarga.pas">
            <Form>fImpressaoCarga</Form>
            <FormType>dfm</FormType>
        </DCCReference>
        <DCCReference Include="uCargaTeste.pas">
            <Form>frmCargaTeste</Form>
            <FormType>dfm</FormType>
        </DCCReference>
        <DCCReference Include="uCargaII.pas">
            <Form>fCargaII</Form>
            <FormType>dfm</FormType>
        </DCCReference>
        <DCCReference Include="uClassContaBanco.pas"/>
        <DCCReference Include="uDMCargaVencto.pas">
            <Form>dmCargaVencto</Form>
            <FormType>dfm</FormType>
            <DesignClass>TDataModule</DesignClass>
        </DCCReference>
        <DCCReference Include="uFinanceiro.pas"/>
        <DCCReference Include="uExtratoCredito.pas">
            <Form>frmExtratoCredito</Form>
            <FormType>dfm</FormType>
        </DCCReference>
        <DCCReference Include="udmPedido.pas">
            <Form>dmPedido</Form>
            <FormType>dfm</FormType>
            <DesignClass>TDataModule</DesignClass>
        </DCCReference>
        <DCCReference Include="uDMContaBanco.pas">
            <Form>dmContaBanco</Form>
            <FormType>dfm</FormType>
            <DesignClass>TDataModule</DesignClass>
        </DCCReference>
        <DCCReference Include="uDMContas.pas">
            <Form>dmContas</Form>
            <FormType>dfm</FormType>
            <DesignClass>TDataModule</DesignClass>
        </DCCReference>
        <DCCReference Include="Entidades\uContaBancoModel.pas"/>
        <DCCReference Include="Repositorios\uRepositorioContaBanco.pas"/>
        <DCCReference Include="Servicos\uServicoContaBanco.pas"/>
        <DCCReference Include="Entidades\uContaModel.pas"/>
        <DCCReference Include="uFuncoesJSON.pas"/>
        <DCCReference Include="Servicos\uServicoConta.pas"/>
        <DCCReference Include="Repositorios\uRepositorioConta.pas"/>
        <DCCReference Include="Entidades\uCargaModel.pas"/>
        <DCCReference Include="Repositorios\uRepositorioCarga.pas"/>
        <DCCReference Include="Servicos\uServicoCarga.pas"/>
        <DCCReference Include="uExportarWEB.pas">
            <Form>fExportarWEB</Form>
            <FormType>dfm</FormType>
        </DCCReference>
        <BuildConfiguration Include="Debug">
            <Key>Cfg_2</Key>
            <CfgParent>Base</CfgParent>
        </BuildConfiguration>
        <BuildConfiguration Include="Base">
            <Key>Base</Key>
        </BuildConfiguration>
        <BuildConfiguration Include="Release">
            <Key>Cfg_1</Key>
            <CfgParent>Base</CfgParent>
        </BuildConfiguration>
    </ItemGroup>
    <Import Project="$(BDS)\Bin\CodeGear.Delphi.Targets" Condition="Exists('$(BDS)\Bin\CodeGear.Delphi.Targets')"/>
    <ProjectExtensions>
        <Borland.Personality>Delphi.Personality.12</Borland.Personality>
        <Borland.ProjectType>VCLApplication</Borland.ProjectType>
        <BorlandProject>
            <Delphi.Personality>
                <Source>
                    <Source Name="MainSource">SC.dpr</Source>
                </Source>
                <Parameters>
                    <Parameters Name="UseLauncher">False</Parameters>
                    <Parameters Name="LoadAllSymbols">True</Parameters>
                    <Parameters Name="LoadUnspecifiedSymbols">False</Parameters>
                </Parameters>
                <VersionInfo>
                    <VersionInfo Name="IncludeVerInfo">False</VersionInfo>
                    <VersionInfo Name="AutoIncBuild">False</VersionInfo>
                    <VersionInfo Name="MajorVer">1</VersionInfo>
                    <VersionInfo Name="MinorVer">0</VersionInfo>
                    <VersionInfo Name="Release">0</VersionInfo>
                    <VersionInfo Name="Build">0</VersionInfo>
                    <VersionInfo Name="Debug">False</VersionInfo>
                    <VersionInfo Name="PreRelease">False</VersionInfo>
                    <VersionInfo Name="Special">False</VersionInfo>
                    <VersionInfo Name="Private">False</VersionInfo>
                    <VersionInfo Name="DLL">False</VersionInfo>
                    <VersionInfo Name="Locale">1046</VersionInfo>
                    <VersionInfo Name="CodePage">1252</VersionInfo>
                </VersionInfo>
                <VersionInfoKeys>
                    <VersionInfoKeys Name="CompanyName"/>
                    <VersionInfoKeys Name="FileDescription"/>
                    <VersionInfoKeys Name="FileVersion">1.0.0.0</VersionInfoKeys>
                    <VersionInfoKeys Name="InternalName"/>
                    <VersionInfoKeys Name="LegalCopyright"/>
                    <VersionInfoKeys Name="LegalTrademarks"/>
                    <VersionInfoKeys Name="OriginalFilename"/>
                    <VersionInfoKeys Name="ProductName"/>
                    <VersionInfoKeys Name="ProductVersion">1.0.0.0</VersionInfoKeys>
                    <VersionInfoKeys Name="Comments"/>
                </VersionInfoKeys>
                <Excluded_Packages>
                    <Excluded_Packages Name="$(BDSBIN)\dcloffice2k190.bpl">Microsoft Office 2000 Sample Automation Server Wrapper Components</Excluded_Packages>
                    <Excluded_Packages Name="$(BDSBIN)\dclofficexp190.bpl">Microsoft Office XP Sample Automation Server Wrapper Components</Excluded_Packages>
                </Excluded_Packages>
            </Delphi.Personality>
            <ModelSupport>False</ModelSupport>
            <Platforms>
                <Platform value="Android" ActiveMobileDevice="rsxe5_android">True</Platform>
                <Platform value="Win32">True</Platform>
                <Platform value="Win64">False</Platform>
            </Platforms>
        </BorlandProject>
        <ProjectFileVersion>12</ProjectFileVersion>
    </ProjectExtensions>
    <Import Project="$(APPDATA)\Embarcadero\$(BDSAPPDATABASEDIR)\$(PRODUCTVERSION)\UserTools.proj" Condition="Exists('$(APPDATA)\Embarcadero\$(BDSAPPDATABASEDIR)\$(PRODUCTVERSION)\UserTools.proj')"/>
</Project>
